
Microsoft Visual Studio Solution File, Format Version 12.00
Project("{FAE04EC0-301F-11D3-BF4B-00C04F79EFBC}") = "Redis-Batching", "Redis-Batching\Redis-Batching.csproj", "{EB4BC191-2188-479C-8840-A91828CBE56C}"
EndProject
Global
	GlobalSection(SolutionConfigurationPlatforms) = preSolution
		Debug|Any CPU = Debug|Any CPU
		Release|Any CPU = Release|Any CPU
	EndGlobalSection
	GlobalSection(ProjectConfigurationPlatforms) = postSolution
		{EB4BC191-2188-479C-8840-A91828CBE56C}.Debug|Any CPU.ActiveCfg = Debug|Any CPU
		{EB4BC191-2188-479C-8840-A91828CBE56C}.Debug|Any CPU.Build.0 = Debug|Any CPU
		{EB4BC191-2188-479C-8840-A91828CBE56C}.Release|Any CPU.ActiveCfg = Release|Any CPU
		{EB4BC191-2188-479C-8840-A91828CBE56C}.Release|Any CPU.Build.0 = Release|Any CPU
	EndGlobalSection
EndGlobal
